// !$*UTF8*$!
{
	archiveVersion = 1;
	classes = {
	};
	objectVersion = 46;
	objects = {

/* Begin PBXBuildFile section */
		BE9DE5E31EA53311004E05CE /* AppDelegate.swift in Sources */ = {isa = PBXBuildFile; fileRef = BE9DE5E21EA53311004E05CE /* AppDelegate.swift */; };
		BE9DE5E51EA53311004E05CE /* ViewController.swift in Sources */ = {isa = PBXBuildFile; fileRef = BE9DE5E41EA53311004E05CE /* ViewController.swift */; };
		BE9DE5E81EA53311004E05CE /* Main.storyboard in Resources */ = {isa = PBXBuildFile; fileRef = BE9DE5E61EA53311004E05CE /* Main.storyboard */; };
		BE9DE5EB1EA53311004E05CE /* EmoteNote.xcdatamodeld in Sources */ = {isa = PBXBuildFile; fileRef = BE9DE5E91EA53311004E05CE /* EmoteNote.xcdatamodeld */; };
		BE9DE5ED1EA53311004E05CE /* Assets.xcassets in Resources */ = {isa = PBXBuildFile; fileRef = BE9DE5EC1EA53311004E05CE /* Assets.xcassets */; };
		BE9DE5F01EA53311004E05CE /* LaunchScreen.storyboard in Resources */ = {isa = PBXBuildFile; fileRef = BE9DE5EE1EA53311004E05CE /* LaunchScreen.storyboard */; };
		BE9DE5FB1EA53312004E05CE /* EmoteNoteTests.swift in Sources */ = {isa = PBXBuildFile; fileRef = BE9DE5FA1EA53312004E05CE /* EmoteNoteTests.swift */; };
		BE9DE6061EA53312004E05CE /* EmoteNoteUITests.swift in Sources */ = {isa = PBXBuildFile; fileRef = BE9DE6051EA53312004E05CE /* EmoteNoteUITests.swift */; };
		BE9DE61B1EA5362F004E05CE /* NaturalLanguageUnderstandingV1.framework in Frameworks */ = {isa = PBXBuildFile; fileRef = BE9DE61A1EA5362F004E05CE /* NaturalLanguageUnderstandingV1.framework */; };
		BE9DE61C1EA5362F004E05CE /* NaturalLanguageUnderstandingV1.framework in Embed Frameworks */ = {isa = PBXBuildFile; fileRef = BE9DE61A1EA5362F004E05CE /* NaturalLanguageUnderstandingV1.framework */; settings = {ATTRIBUTES = (CodeSignOnCopy, RemoveHeadersOnCopy, ); }; };
		BE9DE61F1EA53780004E05CE /* RestKit.framework in Frameworks */ = {isa = PBXBuildFile; fileRef = BE9DE61E1EA53780004E05CE /* RestKit.framework */; };
		BE9DE6201EA53780004E05CE /* RestKit.framework in Embed Frameworks */ = {isa = PBXBuildFile; fileRef = BE9DE61E1EA53780004E05CE /* RestKit.framework */; settings = {ATTRIBUTES = (CodeSignOnCopy, RemoveHeadersOnCopy, ); }; };
		BE9DE6221EA537B3004E05CE /* NLIfile.swift in Sources */ = {isa = PBXBuildFile; fileRef = BE9DE6211EA537B3004E05CE /* NLIfile.swift */; };
		BE9DE6241EA53917004E05CE /* Credentials .swift in Sources */ = {isa = PBXBuildFile; fileRef = BE9DE6231EA53917004E05CE /* Credentials .swift */; };
		BE9DE6261EA554F0004E05CE /* Note.swift in Sources */ = {isa = PBXBuildFile; fileRef = BE9DE6251EA554F0004E05CE /* Note.swift */; };
		BE9DE62A1EA6647E004E05CE /* NoteViewController.swift in Sources */ = {isa = PBXBuildFile; fileRef = BE9DE6291EA6647E004E05CE /* NoteViewController.swift */; };
		BE9DE62C1EA6657D004E05CE /* ColorPallet.swift in Sources */ = {isa = PBXBuildFile; fileRef = BE9DE62B1EA6657D004E05CE /* ColorPallet.swift */; };
/* End PBXBuildFile section */

/* Begin PBXContainerItemProxy section */
		BE9DE5F71EA53312004E05CE /* PBXContainerItemProxy */ = {
			isa = PBXContainerItemProxy;
			containerPortal = BE9DE5D71EA53311004E05CE /* Project object */;
			proxyType = 1;
			remoteGlobalIDString = BE9DE5DE1EA53311004E05CE;
			remoteInfo = EmoteNote;
		};
		BE9DE6021EA53312004E05CE /* PBXContainerItemProxy */ = {
			isa = PBXContainerItemProxy;
			containerPortal = BE9DE5D71EA53311004E05CE /* Project object */;
			proxyType = 1;
			remoteGlobalIDString = BE9DE5DE1EA53311004E05CE;
			remoteInfo = EmoteNote;
		};
/* End PBXContainerItemProxy section */

/* Begin PBXCopyFilesBuildPhase section */
		BE9DE6161EA5352A004E05CE /* CopyFiles */ = {
			isa = PBXCopyFilesBuildPhase;
			buildActionMask = 2147483647;
			dstPath = "";
			dstSubfolderSpec = 7;
			files = (
			);
			runOnlyForDeploymentPostprocessing = 0;
		};
		BE9DE61D1EA5362F004E05CE /* Embed Frameworks */ = {
			isa = PBXCopyFilesBuildPhase;
			buildActionMask = 2147483647;
			dstPath = "";
			dstSubfolderSpec = 10;
			files = (
				BE9DE61C1EA5362F004E05CE /* NaturalLanguageUnderstandingV1.framework in Embed Frameworks */,
				BE9DE6201EA53780004E05CE /* RestKit.framework in Embed Frameworks */,
			);
			name = "Embed Frameworks";
			runOnlyForDeploymentPostprocessing = 0;
		};
/* End PBXCopyFilesBuildPhase section */

/* Begin PBXFileReference section */
		BE9DE5DF1EA53311004E05CE /* EmoteNote.app */ = {isa = PBXFileReference; explicitFileType = wrapper.application; includeInIndex = 0; path = EmoteNote.app; sourceTree = BUILT_PRODUCTS_DIR; };
		BE9DE5E21EA53311004E05CE /* AppDelegate.swift */ = {isa = PBXFileReference; lastKnownFileType = sourcecode.swift; path = AppDelegate.swift; sourceTree = "<group>"; };
		BE9DE5E41EA53311004E05CE /* ViewController.swift */ = {isa = PBXFileReference; lastKnownFileType = sourcecode.swift; path = ViewController.swift; sourceTree = "<group>"; };
		BE9DE5E71EA53311004E05CE /* Base */ = {isa = PBXFileReference; lastKnownFileType = file.storyboard; name = Base; path = Base.lproj/Main.storyboard; sourceTree = "<group>"; };
		BE9DE5EA1EA53311004E05CE /* EmoteNote.xcdatamodel */ = {isa = PBXFileReference; lastKnownFileType = wrapper.xcdatamodel; path = EmoteNote.xcdatamodel; sourceTree = "<group>"; };
		BE9DE5EC1EA53311004E05CE /* Assets.xcassets */ = {isa = PBXFileReference; lastKnownFileType = folder.assetcatalog; path = Assets.xcassets; sourceTree = "<group>"; };
		BE9DE5EF1EA53311004E05CE /* Base */ = {isa = PBXFileReference; lastKnownFileType = file.storyboard; name = Base; path = Base.lproj/LaunchScreen.storyboard; sourceTree = "<group>"; };
		BE9DE5F11EA53311004E05CE /* Info.plist */ = {isa = PBXFileReference; lastKnownFileType = text.plist.xml; path = Info.plist; sourceTree = "<group>"; };
		BE9DE5F61EA53312004E05CE /* EmoteNoteTests.xctest */ = {isa = PBXFileReference; explicitFileType = wrapper.cfbundle; includeInIndex = 0; path = EmoteNoteTests.xctest; sourceTree = BUILT_PRODUCTS_DIR; };
		BE9DE5FA1EA53312004E05CE /* EmoteNoteTests.swift */ = {isa = PBXFileReference; lastKnownFileType = sourcecode.swift; path = EmoteNoteTests.swift; sourceTree = "<group>"; };
		BE9DE5FC1EA53312004E05CE /* Info.plist */ = {isa = PBXFileReference; lastKnownFileType = text.plist.xml; path = Info.plist; sourceTree = "<group>"; };
		BE9DE6011EA53312004E05CE /* EmoteNoteUITests.xctest */ = {isa = PBXFileReference; explicitFileType = wrapper.cfbundle; includeInIndex = 0; path = EmoteNoteUITests.xctest; sourceTree = BUILT_PRODUCTS_DIR; };
		BE9DE6051EA53312004E05CE /* EmoteNoteUITests.swift */ = {isa = PBXFileReference; lastKnownFileType = sourcecode.swift; path = EmoteNoteUITests.swift; sourceTree = "<group>"; };
		BE9DE6071EA53312004E05CE /* Info.plist */ = {isa = PBXFileReference; lastKnownFileType = text.plist.xml; path = Info.plist; sourceTree = "<group>"; };
		BE9DE6141EA5345E004E05CE /* NaturalLanguageUnderstandingV1.framework */ = {isa = PBXFileReference; lastKnownFileType = wrapper.framework; name = NaturalLanguageUnderstandingV1.framework; path = Carthage/Build/iOS/NaturalLanguageUnderstandingV1.framework; sourceTree = "<group>"; };
		BE9DE61A1EA5362F004E05CE /* NaturalLanguageUnderstandingV1.framework */ = {isa = PBXFileReference; lastKnownFileType = wrapper.framework; name = NaturalLanguageUnderstandingV1.framework; path = Carthage/Build/iOS/NaturalLanguageUnderstandingV1.framework; sourceTree = "<group>"; };
		BE9DE61E1EA53780004E05CE /* RestKit.framework */ = {isa = PBXFileReference; lastKnownFileType = wrapper.framework; name = RestKit.framework; path = Carthage/Build/iOS/RestKit.framework; sourceTree = "<group>"; };
		BE9DE6211EA537B3004E05CE /* NLIfile.swift */ = {isa = PBXFileReference; fileEncoding = 4; lastKnownFileType = sourcecode.swift; path = NLIfile.swift; sourceTree = "<group>"; };
		BE9DE6231EA53917004E05CE /* Credentials .swift */ = {isa = PBXFileReference; fileEncoding = 4; lastKnownFileType = sourcecode.swift; path = "Credentials .swift"; sourceTree = "<group>"; };
		BE9DE6251EA554F0004E05CE /* Note.swift */ = {isa = PBXFileReference; fileEncoding = 4; lastKnownFileType = sourcecode.swift; path = Note.swift; sourceTree = "<group>"; };
		BE9DE6291EA6647E004E05CE /* NoteViewController.swift */ = {isa = PBXFileReference; fileEncoding = 4; lastKnownFileType = sourcecode.swift; path = NoteViewController.swift; sourceTree = "<group>"; };
		BE9DE62B1EA6657D004E05CE /* ColorPallet.swift */ = {isa = PBXFileReference; fileEncoding = 4; lastKnownFileType = sourcecode.swift; path = ColorPallet.swift; sourceTree = "<group>"; };
/* End PBXFileReference section */

/* Begin PBXFrameworksBuildPhase section */
		BE9DE5DC1EA53311004E05CE /* Frameworks */ = {
			isa = PBXFrameworksBuildPhase;
			buildActionMask = 2147483647;
			files = (
				BE9DE61B1EA5362F004E05CE /* NaturalLanguageUnderstandingV1.framework in Frameworks */,
				BE9DE61F1EA53780004E05CE /* RestKit.framework in Frameworks */,
			);
			runOnlyForDeploymentPostprocessing = 0;
		};
		BE9DE5F31EA53312004E05CE /* Frameworks */ = {
			isa = PBXFrameworksBuildPhase;
			buildActionMask = 2147483647;
			files = (
			);
			runOnlyForDeploymentPostprocessing = 0;
		};
		BE9DE5FE1EA53312004E05CE /* Frameworks */ = {
			isa = PBXFrameworksBuildPhase;
			buildActionMask = 2147483647;
			files = (
			);
			runOnlyForDeploymentPostprocessing = 0;
		};
/* End PBXFrameworksBuildPhase section */

/* Begin PBXGroup section */
		BE9DE5D61EA53311004E05CE = {
			isa = PBXGroup;
			children = (
				BE9DE61E1EA53780004E05CE /* RestKit.framework */,
				BE9DE61A1EA5362F004E05CE /* NaturalLanguageUnderstandingV1.framework */,
				BE9DE5E11EA53311004E05CE /* EmoteNote */,
				BE9DE5F91EA53312004E05CE /* EmoteNoteTests */,
				BE9DE6041EA53312004E05CE /* EmoteNoteUITests */,
				BE9DE5E01EA53311004E05CE /* Products */,
				BE9DE6131EA5345E004E05CE /* Frameworks */,
			);
			sourceTree = "<group>";
		};
		BE9DE5E01EA53311004E05CE /* Products */ = {
			isa = PBXGroup;
			children = (
				BE9DE5DF1EA53311004E05CE /* EmoteNote.app */,
				BE9DE5F61EA53312004E05CE /* EmoteNoteTests.xctest */,
				BE9DE6011EA53312004E05CE /* EmoteNoteUITests.xctest */,
			);
			name = Products;
			sourceTree = "<group>";
		};
		BE9DE5E11EA53311004E05CE /* EmoteNote */ = {
			isa = PBXGroup;
			children = (
				BE9DE5E21EA53311004E05CE /* AppDelegate.swift */,
				BE9DE5E41EA53311004E05CE /* ViewController.swift */,
				BE9DE5E61EA53311004E05CE /* Main.storyboard */,
				BE9DE5EC1EA53311004E05CE /* Assets.xcassets */,
				BE9DE5EE1EA53311004E05CE /* LaunchScreen.storyboard */,
				BE9DE5F11EA53311004E05CE /* Info.plist */,
				BE9DE5E91EA53311004E05CE /* EmoteNote.xcdatamodeld */,
				BE9DE62F1EA688D2004E05CE /* Classes */,
				BE9DE62D1EA68769004E05CE /* Controllers */,
				BE9DE62E1EA6879D004E05CE /* Utilities */,
			);
			path = EmoteNote;
			sourceTree = "<group>";
		};
		BE9DE5F91EA53312004E05CE /* EmoteNoteTests */ = {
			isa = PBXGroup;
			children = (
				BE9DE5FA1EA53312004E05CE /* EmoteNoteTests.swift */,
				BE9DE5FC1EA53312004E05CE /* Info.plist */,
			);
			path = EmoteNoteTests;
			sourceTree = "<group>";
		};
		BE9DE6041EA53312004E05CE /* EmoteNoteUITests */ = {
			isa = PBXGroup;
			children = (
				BE9DE6051EA53312004E05CE /* EmoteNoteUITests.swift */,
				BE9DE6071EA53312004E05CE /* Info.plist */,
			);
			path = EmoteNoteUITests;
			sourceTree = "<group>";
		};
		BE9DE6131EA5345E004E05CE /* Frameworks */ = {
			isa = PBXGroup;
			children = (
				BE9DE6141EA5345E004E05CE /* NaturalLanguageUnderstandingV1.framework */,
			);
			name = Frameworks;
			sourceTree = "<group>";
		};
		BE9DE62D1EA68769004E05CE /* Controllers */ = {
			isa = PBXGroup;
			children = (
				BE9DE6291EA6647E004E05CE /* NoteViewController.swift */,
			);
			name = Controllers;
			sourceTree = "<group>";
		};
		BE9DE62E1EA6879D004E05CE /* Utilities */ = {
			isa = PBXGroup;
			children = (
				BE9DE62B1EA6657D004E05CE /* ColorPallet.swift */,
				BE9DE6211EA537B3004E05CE /* NLIfile.swift */,
				BE9DE6231EA53917004E05CE /* Credentials .swift */,
			);
			name = Utilities;
			sourceTree = "<group>";
		};
		BE9DE62F1EA688D2004E05CE /* Classes */ = {
			isa = PBXGroup;
			children = (
				BE9DE6251EA554F0004E05CE /* Note.swift */,
			);
			name = Classes;
			sourceTree = "<group>";
		};
/* End PBXGroup section */

/* Begin PBXNativeTarget section */
		BE9DE5DE1EA53311004E05CE /* EmoteNote */ = {
			isa = PBXNativeTarget;
			buildConfigurationList = BE9DE60A1EA53312004E05CE /* Build configuration list for PBXNativeTarget "EmoteNote" */;
			buildPhases = (
				BE9DE5DB1EA53311004E05CE /* Sources */,
				BE9DE5DC1EA53311004E05CE /* Frameworks */,
				BE9DE5DD1EA53311004E05CE /* Resources */,
				BE9DE6161EA5352A004E05CE /* CopyFiles */,
				BE9DE61D1EA5362F004E05CE /* Embed Frameworks */,
			);
			buildRules = (
			);
			dependencies = (
			);
			name = EmoteNote;
			productName = EmoteNote;
			productReference = BE9DE5DF1EA53311004E05CE /* EmoteNote.app */;
			productType = "com.apple.product-type.application";
		};
		BE9DE5F51EA53312004E05CE /* EmoteNoteTests */ = {
			isa = PBXNativeTarget;
			buildConfigurationList = BE9DE60D1EA53312004E05CE /* Build configuration list for PBXNativeTarget "EmoteNoteTests" */;
			buildPhases = (
				BE9DE5F21EA53312004E05CE /* Sources */,
				BE9DE5F31EA53312004E05CE /* Frameworks */,
				BE9DE5F41EA53312004E05CE /* Resources */,
			);
			buildRules = (
			);
			dependencies = (
				BE9DE5F81EA53312004E05CE /* PBXTargetDependency */,
			);
			name = EmoteNoteTests;
			productName = EmoteNoteTests;
			productReference = BE9DE5F61EA53312004E05CE /* EmoteNoteTests.xctest */;
			productType = "com.apple.product-type.bundle.unit-test";
		};
		BE9DE6001EA53312004E05CE /* EmoteNoteUITests */ = {
			isa = PBXNativeTarget;
			buildConfigurationList = BE9DE6101EA53312004E05CE /* Build configuration list for PBXNativeTarget "EmoteNoteUITests" */;
			buildPhases = (
				BE9DE5FD1EA53312004E05CE /* Sources */,
				BE9DE5FE1EA53312004E05CE /* Frameworks */,
				BE9DE5FF1EA53312004E05CE /* Resources */,
			);
			buildRules = (
			);
			dependencies = (
				BE9DE6031EA53312004E05CE /* PBXTargetDependency */,
			);
			name = EmoteNoteUITests;
			productName = EmoteNoteUITests;
			productReference = BE9DE6011EA53312004E05CE /* EmoteNoteUITests.xctest */;
			productType = "com.apple.product-type.bundle.ui-testing";
		};
/* End PBXNativeTarget section */

/* Begin PBXProject section */
		BE9DE5D71EA53311004E05CE /* Project object */ = {
			isa = PBXProject;
			attributes = {
				LastSwiftUpdateCheck = 0830;
				LastUpgradeCheck = 0830;
				ORGANIZATIONNAME = "William Leahy";
				TargetAttributes = {
					BE9DE5DE1EA53311004E05CE = {
						CreatedOnToolsVersion = 8.3;
						ProvisioningStyle = Automatic;
					};
					BE9DE5F51EA53312004E05CE = {
						CreatedOnToolsVersion = 8.3;
						ProvisioningStyle = Automatic;
						TestTargetID = BE9DE5DE1EA53311004E05CE;
					};
					BE9DE6001EA53312004E05CE = {
						CreatedOnToolsVersion = 8.3;
						ProvisioningStyle = Automatic;
						TestTargetID = BE9DE5DE1EA53311004E05CE;
					};
				};
			};
			buildConfigurationList = BE9DE5DA1EA53311004E05CE /* Build configuration list for PBXProject "EmoteNote" */;
			compatibilityVersion = "Xcode 3.2";
			developmentRegion = English;
			hasScannedForEncodings = 0;
			knownRegions = (
				en,
				Base,
			);
			mainGroup = BE9DE5D61EA53311004E05CE;
			productRefGroup = BE9DE5E01EA53311004E05CE /* Products */;
			projectDirPath = "";
			projectRoot = "";
			targets = (
				BE9DE5DE1EA53311004E05CE /* EmoteNote */,
				BE9DE5F51EA53312004E05CE /* EmoteNoteTests */,
				BE9DE6001EA53312004E05CE /* EmoteNoteUITests */,
			);
		};
/* End PBXProject section */

/* Begin PBXResourcesBuildPhase section */
		BE9DE5DD1EA53311004E05CE /* Resources */ = {
			isa = PBXResourcesBuildPhase;
			buildActionMask = 2147483647;
			files = (
				BE9DE5F01EA53311004E05CE /* LaunchScreen.storyboard in Resources */,
				BE9DE5ED1EA53311004E05CE /* Assets.xcassets in Resources */,
				BE9DE5E81EA53311004E05CE /* Main.storyboard in Resources */,
			);
			runOnlyForDeploymentPostprocessing = 0;
		};
		BE9DE5F41EA53312004E05CE /* Resources */ = {
			isa = PBXResourcesBuildPhase;
			buildActionMask = 2147483647;
			files = (
			);
			runOnlyForDeploymentPostprocessing = 0;
		};
		BE9DE5FF1EA53312004E05CE /* Resources */ = {
			isa = PBXResourcesBuildPhase;
			buildActionMask = 2147483647;
			files = (
			);
			runOnlyForDeploymentPostprocessing = 0;
		};
/* End PBXResourcesBuildPhase section */

/* Begin PBXSourcesBuildPhase section */
		BE9DE5DB1EA53311004E05CE /* Sources */ = {
			isa = PBXSourcesBuildPhase;
			buildActionMask = 2147483647;
			files = (
				BE9DE62A1EA6647E004E05CE /* NoteViewController.swift in Sources */,
				BE9DE5E51EA53311004E05CE /* ViewController.swift in Sources */,
				BE9DE5EB1EA53311004E05CE /* EmoteNote.xcdatamodeld in Sources */,
				BE9DE5E31EA53311004E05CE /* AppDelegate.swift in Sources */,
				BE9DE6241EA53917004E05CE /* Credentials .swift in Sources */,
				BE9DE62C1EA6657D004E05CE /* ColorPallet.swift in Sources */,
				BE9DE6221EA537B3004E05CE /* NLIfile.swift in Sources */,
				BE9DE6261EA554F0004E05CE /* Note.swift in Sources */,
			);
			runOnlyForDeploymentPostprocessing = 0;
		};
		BE9DE5F21EA53312004E05CE /* Sources */ = {
			isa = PBXSourcesBuildPhase;
			buildActionMask = 2147483647;
			files = (
				BE9DE5FB1EA53312004E05CE /* EmoteNoteTests.swift in Sources */,
			);
			runOnlyForDeploymentPostprocessing = 0;
		};
		BE9DE5FD1EA53312004E05CE /* Sources */ = {
			isa = PBXSourcesBuildPhase;
			buildActionMask = 2147483647;
			files = (
				BE9DE6061EA53312004E05CE /* EmoteNoteUITests.swift in Sources */,
			);
			runOnlyForDeploymentPostprocessing = 0;
		};
/* End PBXSourcesBuildPhase section */

/* Begin PBXTargetDependency section */
		BE9DE5F81EA53312004E05CE /* PBXTargetDependency */ = {
			isa = PBXTargetDependency;
			target = BE9DE5DE1EA53311004E05CE /* EmoteNote */;
			targetProxy = BE9DE5F71EA53312004E05CE /* PBXContainerItemProxy */;
		};
		BE9DE6031EA53312004E05CE /* PBXTargetDependency */ = {
			isa = PBXTargetDependency;
			target = BE9DE5DE1EA53311004E05CE /* EmoteNote */;
			targetProxy = BE9DE6021EA53312004E05CE /* PBXContainerItemProxy */;
		};
/* End PBXTargetDependency section */

/* Begin PBXVariantGroup section */
		BE9DE5E61EA53311004E05CE /* Main.storyboard */ = {
			isa = PBXVariantGroup;
			children = (
				BE9DE5E71EA53311004E05CE /* Base */,
			);
			name = Main.storyboard;
			sourceTree = "<group>";
		};
		BE9DE5EE1EA53311004E05CE /* LaunchScreen.storyboard */ = {
			isa = PBXVariantGroup;
			children = (
				BE9DE5EF1EA53311004E05CE /* Base */,
			);
			name = LaunchScreen.storyboard;
			sourceTree = "<group>";
		};
/* End PBXVariantGroup section */

/* Begin XCBuildConfiguration section */
		BE9DE6081EA53312004E05CE /* Debug */ = {
			isa = XCBuildConfiguration;
			buildSettings = {
				ALWAYS_SEARCH_USER_PATHS = NO;
				CLANG_ANALYZER_NONNULL = YES;
				CLANG_ANALYZER_NUMBER_OBJECT_CONVERSION = YES_AGGRESSIVE;
				CLANG_CXX_LANGUAGE_STANDARD = "gnu++0x";
				CLANG_CXX_LIBRARY = "libc++";
				CLANG_ENABLE_MODULES = YES;
				CLANG_ENABLE_OBJC_ARC = YES;
				CLANG_WARN_BOOL_CONVERSION = YES;
				CLANG_WARN_CONSTANT_CONVERSION = YES;
				CLANG_WARN_DIRECT_OBJC_ISA_USAGE = YES_ERROR;
				CLANG_WARN_DOCUMENTATION_COMMENTS = YES;
				CLANG_WARN_EMPTY_BODY = YES;
				CLANG_WARN_ENUM_CONVERSION = YES;
				CLANG_WARN_INFINITE_RECURSION = YES;
				CLANG_WARN_INT_CONVERSION = YES;
				CLANG_WARN_OBJC_ROOT_CLASS = YES_ERROR;
				CLANG_WARN_SUSPICIOUS_MOVE = YES;
				CLANG_WARN_UNREACHABLE_CODE = YES;
				CLANG_WARN__DUPLICATE_METHOD_MATCH = YES;
				"CODE_SIGN_IDENTITY[sdk=iphoneos*]" = "iPhone Developer";
				COPY_PHASE_STRIP = NO;
				DEBUG_INFORMATION_FORMAT = dwarf;
				ENABLE_STRICT_OBJC_MSGSEND = YES;
				ENABLE_TESTABILITY = YES;
				GCC_C_LANGUAGE_STANDARD = gnu99;
				GCC_DYNAMIC_NO_PIC = NO;
				GCC_NO_COMMON_BLOCKS = YES;
				GCC_OPTIMIZATION_LEVEL = 0;
				GCC_PREPROCESSOR_DEFINITIONS = (
					"DEBUG=1",
					"$(inherited)",
				);
				GCC_WARN_64_TO_32_BIT_CONVERSION = YES;
				GCC_WARN_ABOUT_RETURN_TYPE = YES_ERROR;
				GCC_WARN_UNDECLARED_SELECTOR = YES;
				GCC_WARN_UNINITIALIZED_AUTOS = YES_AGGRESSIVE;
				GCC_WARN_UNUSED_FUNCTION = YES;
				GCC_WARN_UNUSED_VARIABLE = YES;
				IPHONEOS_DEPLOYMENT_TARGET = 10.3;
				MTL_ENABLE_DEBUG_INFO = YES;
				ONLY_ACTIVE_ARCH = YES;
				SDKROOT = iphoneos;
				SWIFT_ACTIVE_COMPILATION_CONDITIONS = DEBUG;
				SWIFT_OPTIMIZATION_LEVEL = "-Onone";
			};
			name = Debug;
		};
		BE9DE6091EA53312004E05CE /* Release */ = {
			isa = XCBuildConfiguration;
			buildSettings = {
				ALWAYS_SEARCH_USER_PATHS = NO;
				CLANG_ANALYZER_NONNULL = YES;
				CLANG_ANALYZER_NUMBER_OBJECT_CONVERSION = YES_AGGRESSIVE;
				CLANG_CXX_LANGUAGE_STANDARD = "gnu++0x";
				CLANG_CXX_LIBRARY = "libc++";
				CLANG_ENABLE_MODULES = YES;
				CLANG_ENABLE_OBJC_ARC = YES;
				CLANG_WARN_BOOL_CONVERSION = YES;
				CLANG_WARN_CONSTANT_CONVERSION = YES;
				CLANG_WARN_DIRECT_OBJC_ISA_USAGE = YES_ERROR;
				CLANG_WARN_DOCUMENTATION_COMMENTS = YES;
				CLANG_WARN_EMPTY_BODY = YES;
				CLANG_WARN_ENUM_CONVERSION = YES;
				CLANG_WARN_INFINITE_RECURSION = YES;
				CLANG_WARN_INT_CONVERSION = YES;
				CLANG_WARN_OBJC_ROOT_CLASS = YES_ERROR;
				CLANG_WARN_SUSPICIOUS_MOVE = YES;
				CLANG_WARN_UNREACHABLE_CODE = YES;
				CLANG_WARN__DUPLICATE_METHOD_MATCH = YES;
				"CODE_SIGN_IDENTITY[sdk=iphoneos*]" = "iPhone Developer";
				COPY_PHASE_STRIP = NO;
				DEBUG_INFORMATION_FORMAT = "dwarf-with-dsym";
				ENABLE_NS_ASSERTIONS = NO;
				ENABLE_STRICT_OBJC_MSGSEND = YES;
				GCC_C_LANGUAGE_STANDARD = gnu99;
				GCC_NO_COMMON_BLOCKS = YES;
				GCC_WARN_64_TO_32_BIT_CONVERSION = YES;
				GCC_WARN_ABOUT_RETURN_TYPE = YES_ERROR;
				GCC_WARN_UNDECLARED_SELECTOR = YES;
				GCC_WARN_UNINITIALIZED_AUTOS = YES_AGGRESSIVE;
				GCC_WARN_UNUSED_FUNCTION = YES;
				GCC_WARN_UNUSED_VARIABLE = YES;
				IPHONEOS_DEPLOYMENT_TARGET = 10.3;
				MTL_ENABLE_DEBUG_INFO = NO;
				SDKROOT = iphoneos;
				SWIFT_OPTIMIZATION_LEVEL = "-Owholemodule";
				VALIDATE_PRODUCT = YES;
			};
			name = Release;
		};
		BE9DE60B1EA53312004E05CE /* Debug */ = {
			isa = XCBuildConfiguration;
			buildSettings = {
				ASSETCATALOG_COMPILER_APPICON_NAME = AppIcon;
				FRAMEWORK_SEARCH_PATHS = (
					"$(inherited)",
					"$(PROJECT_DIR)/Carthage/Build/iOS",
				);
				INFOPLIST_FILE = EmoteNote/Info.plist;
				LD_RUNPATH_SEARCH_PATHS = "$(inherited) @executable_path/Frameworks";
				PRODUCT_BUNDLE_IDENTIFIER = rasmussen.EmoteNote;
				PRODUCT_NAME = "$(TARGET_NAME)";
				SWIFT_VERSION = 3.0;
			};
			name = Debug;
		};
		BE9DE60C1EA53312004E05CE /* Release */ = {
			isa = XCBuildConfiguration;
			buildSettings = {
				ASSETCATALOG_COMPILER_APPICON_NAME = AppIcon;
				FRAMEWORK_SEARCH_PATHS = (
					"$(inherited)",
					"$(PROJECT_DIR)/Carthage/Build/iOS",
				);
				INFOPLIST_FILE = EmoteNote/Info.plist;
				LD_RUNPATH_SEARCH_PATHS = "$(inherited) @executable_path/Frameworks";
				PRODUCT_BUNDLE_IDENTIFIER = rasmussen.EmoteNote;
				PRODUCT_NAME = "$(TARGET_NAME)";
				SWIFT_VERSION = 3.0;
			};
			name = Release;
		};
		BE9DE60E1EA53312004E05CE /* Debug */ = {
			isa = XCBuildConfiguration;
			buildSettings = {
				ALWAYS_EMBED_SWIFT_STANDARD_LIBRARIES = YES;
				BUNDLE_LOADER = "$(TEST_HOST)";
				INFOPLIST_FILE = EmoteNoteTests/Info.plist;
				LD_RUNPATH_SEARCH_PATHS = "$(inherited) @executable_path/Frameworks @loader_path/Frameworks";
				PRODUCT_BUNDLE_IDENTIFIER = rasmussen.EmoteNoteTests;
				PRODUCT_NAME = "$(TARGET_NAME)";
				SWIFT_VERSION = 3.0;
				TEST_HOST = "$(BUILT_PRODUCTS_DIR)/EmoteNote.app/EmoteNote";
			};
			name = Debug;
		};
		BE9DE60F1EA53312004E05CE /* Release */ = {
			isa = XCBuildConfiguration;
			buildSettings = {
				ALWAYS_EMBED_SWIFT_STANDARD_LIBRARIES = YES;
				BUNDLE_LOADER = "$(TEST_HOST)";
				INFOPLIST_FILE = EmoteNoteTests/Info.plist;
				LD_RUNPATH_SEARCH_PATHS = "$(inherited) @executable_path/Frameworks @loader_path/Frameworks";
				PRODUCT_BUNDLE_IDENTIFIER = rasmussen.EmoteNoteTests;
				PRODUCT_NAME = "$(TARGET_NAME)";
				SWIFT_VERSION = 3.0;
				TEST_HOST = "$(BUILT_PRODUCTS_DIR)/EmoteNote.app/EmoteNote";
			};
			name = Release;
		};
		BE9DE6111EA53312004E05CE /* Debug */ = {
			isa = XCBuildConfiguration;
			buildSettings = {
				ALWAYS_EMBED_SWIFT_STANDARD_LIBRARIES = YES;
				INFOPLIST_FILE = EmoteNoteUITests/Info.plist;
				LD_RUNPATH_SEARCH_PATHS = "$(inherited) @executable_path/Frameworks @loader_path/Frameworks";
				PRODUCT_BUNDLE_IDENTIFIER = rasmussen.EmoteNoteUITests;
				PRODUCT_NAME = "$(TARGET_NAME)";
				SWIFT_VERSION = 3.0;
				TEST_TARGET_NAME = EmoteNote;
			};
			name = Debug;
		};
		BE9DE6121EA53312004E05CE /* Release */ = {
			isa = XCBuildConfiguration;
			buildSettings = {
				ALWAYS_EMBED_SWIFT_STANDARD_LIBRARIES = YES;
				INFOPLIST_FILE = EmoteNoteUITests/Info.plist;
				LD_RUNPATH_SEARCH_PATHS = "$(inherited) @executable_path/Frameworks @loader_path/Frameworks";
				PRODUCT_BUNDLE_IDENTIFIER = rasmussen.EmoteNoteUITests;
				PRODUCT_NAME = "$(TARGET_NAME)";
				SWIFT_VERSION = 3.0;
				TEST_TARGET_NAME = EmoteNote;
			};
			name = Release;
		};
/* End XCBuildConfiguration section */

/* Begin XCConfigurationList section */
		BE9DE5DA1EA53311004E05CE /* Build configuration list for PBXProject "EmoteNote" */ = {
			isa = XCConfigurationList;
			buildConfigurations = (
				BE9DE6081EA53312004E05CE /* Debug */,
				BE9DE6091EA53312004E05CE /* Release */,
			);
			defaultConfigurationIsVisible = 0;
			defaultConfigurationName = Release;
		};
		BE9DE60A1EA53312004E05CE /* Build configuration list for PBXNativeTarget "EmoteNote" */ = {
			isa = XCConfigurationList;
			buildConfigurations = (
				BE9DE60B1EA53312004E05CE /* Debug */,
				BE9DE60C1EA53312004E05CE /* Release */,
			);
			defaultConfigurationIsVisible = 0;
			defaultConfigurationName = Release;
		};
		BE9DE60D1EA53312004E05CE /* Build configuration list for PBXNativeTarget "EmoteNoteTests" */ = {
			isa = XCConfigurationList;
			buildConfigurations = (
				BE9DE60E1EA53312004E05CE /* Debug */,
				BE9DE60F1EA53312004E05CE /* Release */,
			);
			defaultConfigurationIsVisible = 0;
			defaultConfigurationName = Release;
		};
		BE9DE6101EA53312004E05CE /* Build configuration list for PBXNativeTarget "EmoteNoteUITests" */ = {
			isa = XCConfigurationList;
			buildConfigurations = (
				BE9DE6111EA53312004E05CE /* Debug */,
				BE9DE6121EA53312004E05CE /* Release */,
			);
			defaultConfigurationIsVisible = 0;
			defaultConfigurationName = Release;
		};
/* End XCConfigurationList section */

/* Begin XCVersionGroup section */
		BE9DE5E91EA53311004E05CE /* EmoteNote.xcdatamodeld */ = {
			isa = XCVersionGroup;
			children = (
				BE9DE5EA1EA53311004E05CE /* EmoteNote.xcdatamodel */,
			);
			currentVersion = BE9DE5EA1EA53311004E05CE /* EmoteNote.xcdatamodel */;
			path = EmoteNote.xcdatamodeld;
			sourceTree = "<group>";
			versionGroupType = wrapper.xcdatamodel;
		};
/* End XCVersionGroup section */
	};
	rootObject = BE9DE5D71EA53311004E05CE /* Project object */;
}
